
Microsoft Visual Studio Solution File, Format Version 12.00
# Visual Studio 15
Project("{FAE04EC0-301F-11D3-BF4B-00C04F79EFBC}") = "VectorBasedDrawingPackage", "VectorBasedDrawingPackage\VectorBasedDrawingPackage.csproj", "{01F57A01-0C74-42F8-968C-A28BB4A20BD4}"
EndProject
Global
	GlobalSection(SolutionConfigurationPlatforms) = preSolution
		Debug|Any CPU = Debug|Any CPU
		Release|Any CPU = Release|Any CPU
	EndGlobalSection
	GlobalSection(ProjectConfigurationPlatforms) = postSolution
		{01F57A01-0C74-42F8-968C-A28BB4A20BD4}.Debug|Any CPU.ActiveCfg = Debug|Any CPU
		{01F57A01-0C74-42F8-968C-A28BB4A20BD4}.Debug|Any CPU.Build.0 = Debug|Any CPU
		{01F57A01-0C74-42F8-968C-A28BB4A20BD4}.Release|Any CPU.ActiveCfg = Release|Any CPU
		{01F57A01-0C74-42F8-968C-A28BB4A20BD4}.Release|Any CPU.Build.0 = Release|Any CPU
	EndGlobalSection
EndGlobal
